
Microsoft Visual Studio Solution File, Format Version 12.00
# Visual Studio 15
VisualStudioVersion = 15.0.27703.2047
MinimumVisualStudioVersion = 10.0.40219.1
Project("{FAE04EC0-301F-11D3-BF4B-00C04F79EFBC}") = "ejrcicios_clase", "ejrcicios_clase\ejrcicios_clase.csproj", "{181151C9-D3A8-40A1-AFB6-0A7C2A7775DE}"
EndProject
Project("{FAE04EC0-301F-11D3-BF4B-00C04F79EFBC}") = "ejercicio_12", "ejercicio_12\ejercicio_12.csproj", "{45262C5A-2666-4D25-8B7C-4455A9EB9E87}"
EndProject
Project("{FAE04EC0-301F-11D3-BF4B-00C04F79EFBC}") = "ejercicio_16", "ConsoleApp1\ejercicio_16.csproj", "{5602748C-BF3E-4321-AE4A-D34ED0D79E30}"
EndProject
Global
	GlobalSection(SolutionConfigurationPlatforms) = preSolution
		Debug|Any CPU = Debug|Any CPU
		Release|Any CPU = Release|Any CPU
	EndGlobalSection
	GlobalSection(ProjectConfigurationPlatforms) = postSolution
		{181151C9-D3A8-40A1-AFB6-0A7C2A7775DE}.Debug|Any CPU.ActiveCfg = Debug|Any CPU
		{181151C9-D3A8-40A1-AFB6-0A7C2A7775DE}.Debug|Any CPU.Build.0 = Debug|Any CPU
		{181151C9-D3A8-40A1-AFB6-0A7C2A7775DE}.Release|Any CPU.ActiveCfg = Release|Any CPU
		{181151C9-D3A8-40A1-AFB6-0A7C2A7775DE}.Release|Any CPU.Build.0 = Release|Any CPU
		{45262C5A-2666-4D25-8B7C-4455A9EB9E87}.Debug|Any CPU.ActiveCfg = Debug|Any CPU
		{45262C5A-2666-4D25-8B7C-4455A9EB9E87}.Debug|Any CPU.Build.0 = Debug|Any CPU
		{45262C5A-2666-4D25-8B7C-4455A9EB9E87}.Release|Any CPU.ActiveCfg = Release|Any CPU
		{45262C5A-2666-4D25-8B7C-4455A9EB9E87}.Release|Any CPU.Build.0 = Release|Any CPU
		{5602748C-BF3E-4321-AE4A-D34ED0D79E30}.Debug|Any CPU.ActiveCfg = Debug|Any CPU
		{5602748C-BF3E-4321-AE4A-D34ED0D79E30}.Debug|Any CPU.Build.0 = Debug|Any CPU
		{5602748C-BF3E-4321-AE4A-D34ED0D79E30}.Release|Any CPU.ActiveCfg = Release|Any CPU
		{5602748C-BF3E-4321-AE4A-D34ED0D79E30}.Release|Any CPU.Build.0 = Release|Any CPU
	EndGlobalSection
	GlobalSection(SolutionProperties) = preSolution
		HideSolutionNode = FALSE
	EndGlobalSection
	GlobalSection(ExtensibilityGlobals) = postSolution
		SolutionGuid = {88008F80-180A-4610-8091-6DF587DE5D6F}
	EndGlobalSection
EndGlobal
